{
  "pins" : [
    {
      "identity" : "farly-ios-sdk",
      "kind" : "remoteSourceControl",
      "location" : "https://github.com/farly-sdk/farly-ios-sdk",
      "state" : {
        "branch" : "master",
        "revision" : "fea1a158d5cadbffb02b7589a5553e4880848838"
      }
    }
  ],
  "version" : 2
}
