{
  "pins" : [
    {
      "identity" : "farly-ios-sdk",
      "kind" : "remoteSourceControl",
      "location" : "https://github.com/farly-sdk/farly-ios-sdk",
      "state" : {
        "branch" : "master",
        "revision" : "ce0dac0f5c4220b80cd51ee617c35b9df5f1cb9b"
      }
    }
  ],
  "version" : 2
}
